
Microsoft Visual Studio Solution File, Format Version 11.00
# Visual Studio 2010
Project("{8BC9CEB8-8B4A-11D0-8D11-00A0C91BC942}") = "FontMorphing", "FontMorphing\FontMorphing.vcxproj", "{1165E1C7-F7A3-436B-AE5B-EC493588A5FA}"
EndProject
Global
	GlobalSection(SolutionConfigurationPlatforms) = preSolution
		Debug|Win32 = Debug|Win32
		Release|Win32 = Release|Win32
	EndGlobalSection
	GlobalSection(ProjectConfigurationPlatforms) = postSolution
		{1165E1C7-F7A3-436B-AE5B-EC493588A5FA}.Debug|Win32.ActiveCfg = Debug|Win32
		{1165E1C7-F7A3-436B-AE5B-EC493588A5FA}.Debug|Win32.Build.0 = Debug|Win32
		{1165E1C7-F7A3-436B-AE5B-EC493588A5FA}.Release|Win32.ActiveCfg = Release|Win32
		{1165E1C7-F7A3-436B-AE5B-EC493588A5FA}.Release|Win32.Build.0 = Release|Win32
	EndGlobalSection
	GlobalSection(SolutionProperties) = preSolution
		HideSolutionNode = FALSE
	EndGlobalSection
EndGlobal
